// !$*UTF8*$!
{
	archiveVersion = 1;
	classes = {
	};
	objectVersion = 46;
	objects = {

/* Begin PBXBuildFile section */
		93892A931ACCC66000307E0F /* MovieCollectionViewCell.m in Sources */ = {isa = PBXBuildFile; fileRef = 93892A921ACCC66000307E0F /* MovieCollectionViewCell.m */; };
		93892A961ACCE34C00307E0F /* FlowLayout.m in Sources */ = {isa = PBXBuildFile; fileRef = 93892A951ACCE34C00307E0F /* FlowLayout.m */; };
		93892A991ACCF2EF00307E0F /* SynopsisViewController.m in Sources */ = {isa = PBXBuildFile; fileRef = 93892A981ACCF2EF00307E0F /* SynopsisViewController.m */; };
		93892A9B1ACDD23600307E0F /* CoreLocation.framework in Frameworks */ = {isa = PBXBuildFile; fileRef = 93892A9A1ACDD23600307E0F /* CoreLocation.framework */; };
		93892A9D1ACDD24400307E0F /* MapKit.framework in Frameworks */ = {isa = PBXBuildFile; fileRef = 93892A9C1ACDD24400307E0F /* MapKit.framework */; };
		93892AA01ACDD4A600307E0F /* MapViewController.m in Sources */ = {isa = PBXBuildFile; fileRef = 93892A9F1ACDD4A600307E0F /* MapViewController.m */; };
		93892AA21ACDDA0900307E0F /* default.gpx in Resources */ = {isa = PBXBuildFile; fileRef = 93892AA11ACDDA0900307E0F /* default.gpx */; };
		93892AA51ACDDA8700307E0F /* Theatre.m in Sources */ = {isa = PBXBuildFile; fileRef = 93892AA41ACDDA8700307E0F /* Theatre.m */; };
		93892AA81ACDF3B000307E0F /* Geocoder.m in Sources */ = {isa = PBXBuildFile; fileRef = 93892AA71ACDF3B000307E0F /* Geocoder.m */; };
		93892AAA1ACDF40700307E0F /* AddressBookUI.framework in Frameworks */ = {isa = PBXBuildFile; fileRef = 93892AA91ACDF40700307E0F /* AddressBookUI.framework */; };
		93D307241ACC8F45007F186F /* main.m in Sources */ = {isa = PBXBuildFile; fileRef = 93D307231ACC8F45007F186F /* main.m */; };
		93D307271ACC8F45007F186F /* AppDelegate.m in Sources */ = {isa = PBXBuildFile; fileRef = 93D307261ACC8F45007F186F /* AppDelegate.m */; };
		93D3072A1ACC8F45007F186F /* ViewController.m in Sources */ = {isa = PBXBuildFile; fileRef = 93D307291ACC8F45007F186F /* ViewController.m */; };
		93D3072D1ACC8F45007F186F /* Main.storyboard in Resources */ = {isa = PBXBuildFile; fileRef = 93D3072B1ACC8F45007F186F /* Main.storyboard */; };
		93D3072F1ACC8F45007F186F /* Images.xcassets in Resources */ = {isa = PBXBuildFile; fileRef = 93D3072E1ACC8F45007F186F /* Images.xcassets */; };
		93D307321ACC8F45007F186F /* LaunchScreen.xib in Resources */ = {isa = PBXBuildFile; fileRef = 93D307301ACC8F45007F186F /* LaunchScreen.xib */; };
		93D3073E1ACC8F45007F186F /* RottenMangoesTests.m in Sources */ = {isa = PBXBuildFile; fileRef = 93D3073D1ACC8F45007F186F /* RottenMangoesTests.m */; };
		93D307491ACC908A007F186F /* Movie.m in Sources */ = {isa = PBXBuildFile; fileRef = 93D307481ACC908A007F186F /* Movie.m */; };
/* End PBXBuildFile section */

/* Begin PBXContainerItemProxy section */
		93D307381ACC8F45007F186F /* PBXContainerItemProxy */ = {
			isa = PBXContainerItemProxy;
			containerPortal = 93D307161ACC8F45007F186F /* Project object */;
			proxyType = 1;
			remoteGlobalIDString = 93D3071D1ACC8F45007F186F;
			remoteInfo = RottenMangoes;
		};
/* End PBXContainerItemProxy section */

/* Begin PBXFileReference section */
		93892A911ACCC66000307E0F /* MovieCollectionViewCell.h */ = {isa = PBXFileReference; fileEncoding = 4; lastKnownFileType = sourcecode.c.h; path = MovieCollectionViewCell.h; sourceTree = "<group>"; };
		93892A921ACCC66000307E0F /* MovieCollectionViewCell.m */ = {isa = PBXFileReference; fileEncoding = 4; lastKnownFileType = sourcecode.c.objc; path = MovieCollectionViewCell.m; sourceTree = "<group>"; };
		93892A941ACCE34C00307E0F /* FlowLayout.h */ = {isa = PBXFileReference; fileEncoding = 4; lastKnownFileType = sourcecode.c.h; path = FlowLayout.h; sourceTree = "<group>"; };
		93892A951ACCE34C00307E0F /* FlowLayout.m */ = {isa = PBXFileReference; fileEncoding = 4; lastKnownFileType = sourcecode.c.objc; path = FlowLayout.m; sourceTree = "<group>"; };
		93892A971ACCF2EF00307E0F /* SynopsisViewController.h */ = {isa = PBXFileReference; fileEncoding = 4; lastKnownFileType = sourcecode.c.h; path = SynopsisViewController.h; sourceTree = "<group>"; };
		93892A981ACCF2EF00307E0F /* SynopsisViewController.m */ = {isa = PBXFileReference; fileEncoding = 4; lastKnownFileType = sourcecode.c.objc; path = SynopsisViewController.m; sourceTree = "<group>"; };
		93892A9A1ACDD23600307E0F /* CoreLocation.framework */ = {isa = PBXFileReference; lastKnownFileType = wrapper.framework; name = CoreLocation.framework; path = System/Library/Frameworks/CoreLocation.framework; sourceTree = SDKROOT; };
		93892A9C1ACDD24400307E0F /* MapKit.framework */ = {isa = PBXFileReference; lastKnownFileType = wrapper.framework; name = MapKit.framework; path = System/Library/Frameworks/MapKit.framework; sourceTree = SDKROOT; };
		93892A9E1ACDD4A600307E0F /* MapViewController.h */ = {isa = PBXFileReference; fileEncoding = 4; lastKnownFileType = sourcecode.c.h; name = MapViewController.h; path = ../MapViewController.h; sourceTree = "<group>"; };
		93892A9F1ACDD4A600307E0F /* MapViewController.m */ = {isa = PBXFileReference; fileEncoding = 4; lastKnownFileType = sourcecode.c.objc; name = MapViewController.m; path = ../MapViewController.m; sourceTree = "<group>"; };
		93892AA11ACDDA0900307E0F /* default.gpx */ = {isa = PBXFileReference; fileEncoding = 4; lastKnownFileType = text.xml; path = default.gpx; sourceTree = "<group>"; };
		93892AA31ACDDA8700307E0F /* Theatre.h */ = {isa = PBXFileReference; fileEncoding = 4; lastKnownFileType = sourcecode.c.h; name = Theatre.h; path = ../Theatre.h; sourceTree = "<group>"; };
		93892AA41ACDDA8700307E0F /* Theatre.m */ = {isa = PBXFileReference; fileEncoding = 4; lastKnownFileType = sourcecode.c.objc; name = Theatre.m; path = ../Theatre.m; sourceTree = "<group>"; };
		93892AA61ACDF3B000307E0F /* Geocoder.h */ = {isa = PBXFileReference; fileEncoding = 4; lastKnownFileType = sourcecode.c.h; path = Geocoder.h; sourceTree = "<group>"; };
		93892AA71ACDF3B000307E0F /* Geocoder.m */ = {isa = PBXFileReference; fileEncoding = 4; lastKnownFileType = sourcecode.c.objc; path = Geocoder.m; sourceTree = "<group>"; };
		93892AA91ACDF40700307E0F /* AddressBookUI.framework */ = {isa = PBXFileReference; lastKnownFileType = wrapper.framework; name = AddressBookUI.framework; path = System/Library/Frameworks/AddressBookUI.framework; sourceTree = SDKROOT; };
		93D3071E1ACC8F45007F186F /* RottenMangoes.app */ = {isa = PBXFileReference; explicitFileType = wrapper.application; includeInIndex = 0; path = RottenMangoes.app; sourceTree = BUILT_PRODUCTS_DIR; };
		93D307221ACC8F45007F186F /* Info.plist */ = {isa = PBXFileReference; lastKnownFileType = text.plist.xml; path = Info.plist; sourceTree = "<group>"; };
		93D307231ACC8F45007F186F /* main.m */ = {isa = PBXFileReference; lastKnownFileType = sourcecode.c.objc; path = main.m; sourceTree = "<group>"; };
		93D307251ACC8F45007F186F /* AppDelegate.h */ = {isa = PBXFileReference; lastKnownFileType = sourcecode.c.h; path = AppDelegate.h; sourceTree = "<group>"; };
		93D307261ACC8F45007F186F /* AppDelegate.m */ = {isa = PBXFileReference; lastKnownFileType = sourcecode.c.objc; path = AppDelegate.m; sourceTree = "<group>"; };
		93D307281ACC8F45007F186F /* ViewController.h */ = {isa = PBXFileReference; lastKnownFileType = sourcecode.c.h; path = ViewController.h; sourceTree = "<group>"; };
		93D307291ACC8F45007F186F /* ViewController.m */ = {isa = PBXFileReference; lastKnownFileType = sourcecode.c.objc; path = ViewController.m; sourceTree = "<group>"; };
		93D3072C1ACC8F45007F186F /* Base */ = {isa = PBXFileReference; lastKnownFileType = file.storyboard; name = Base; path = Base.lproj/Main.storyboard; sourceTree = "<group>"; };
		93D3072E1ACC8F45007F186F /* Images.xcassets */ = {isa = PBXFileReference; lastKnownFileType = folder.assetcatalog; path = Images.xcassets; sourceTree = "<group>"; };
		93D307311ACC8F45007F186F /* Base */ = {isa = PBXFileReference; lastKnownFileType = file.xib; name = Base; path = Base.lproj/LaunchScreen.xib; sourceTree = "<group>"; };
		93D307371ACC8F45007F186F /* RottenMangoesTests.xctest */ = {isa = PBXFileReference; explicitFileType = wrapper.cfbundle; includeInIndex = 0; path = RottenMangoesTests.xctest; sourceTree = BUILT_PRODUCTS_DIR; };
		93D3073C1ACC8F45007F186F /* Info.plist */ = {isa = PBXFileReference; lastKnownFileType = text.plist.xml; path = Info.plist; sourceTree = "<group>"; };
		93D3073D1ACC8F45007F186F /* RottenMangoesTests.m */ = {isa = PBXFileReference; lastKnownFileType = sourcecode.c.objc; path = RottenMangoesTests.m; sourceTree = "<group>"; };
		93D307471ACC908A007F186F /* Movie.h */ = {isa = PBXFileReference; fileEncoding = 4; lastKnownFileType = sourcecode.c.h; path = Movie.h; sourceTree = "<group>"; };
		93D307481ACC908A007F186F /* Movie.m */ = {isa = PBXFileReference; fileEncoding = 4; lastKnownFileType = sourcecode.c.objc; path = Movie.m; sourceTree = "<group>"; };
/* End PBXFileReference section */

/* Begin PBXFrameworksBuildPhase section */
		93D3071B1ACC8F45007F186F /* Frameworks */ = {
			isa = PBXFrameworksBuildPhase;
			buildActionMask = 2147483647;
			files = (
				93892AAA1ACDF40700307E0F /* AddressBookUI.framework in Frameworks */,
				93892A9D1ACDD24400307E0F /* MapKit.framework in Frameworks */,
				93892A9B1ACDD23600307E0F /* CoreLocation.framework in Frameworks */,
			);
			runOnlyForDeploymentPostprocessing = 0;
		};
		93D307341ACC8F45007F186F /* Frameworks */ = {
			isa = PBXFrameworksBuildPhase;
			buildActionMask = 2147483647;
			files = (
			);
			runOnlyForDeploymentPostprocessing = 0;
		};
/* End PBXFrameworksBuildPhase section */

/* Begin PBXGroup section */
		93D307151ACC8F45007F186F = {
			isa = PBXGroup;
			children = (
				93892AA91ACDF40700307E0F /* AddressBookUI.framework */,
				93892A9C1ACDD24400307E0F /* MapKit.framework */,
				93892A9A1ACDD23600307E0F /* CoreLocation.framework */,
				93892A941ACCE34C00307E0F /* FlowLayout.h */,
				93892A951ACCE34C00307E0F /* FlowLayout.m */,
				93D307201ACC8F45007F186F /* RottenMangoes */,
				93D3073A1ACC8F45007F186F /* RottenMangoesTests */,
				93D3071F1ACC8F45007F186F /* Products */,
			);
			sourceTree = "<group>";
		};
		93D3071F1ACC8F45007F186F /* Products */ = {
			isa = PBXGroup;
			children = (
				93D3071E1ACC8F45007F186F /* RottenMangoes.app */,
				93D307371ACC8F45007F186F /* RottenMangoesTests.xctest */,
			);
			name = Products;
			sourceTree = "<group>";
		};
		93D307201ACC8F45007F186F /* RottenMangoes */ = {
			isa = PBXGroup;
			children = (
				93D307251ACC8F45007F186F /* AppDelegate.h */,
				93D307261ACC8F45007F186F /* AppDelegate.m */,
				93D307281ACC8F45007F186F /* ViewController.h */,
				93D307291ACC8F45007F186F /* ViewController.m */,
				93892A971ACCF2EF00307E0F /* SynopsisViewController.h */,
				93892A981ACCF2EF00307E0F /* SynopsisViewController.m */,
				93892A9E1ACDD4A600307E0F /* MapViewController.h */,
				93892A9F1ACDD4A600307E0F /* MapViewController.m */,
				93892AA61ACDF3B000307E0F /* Geocoder.h */,
				93892AA71ACDF3B000307E0F /* Geocoder.m */,
				93892AA31ACDDA8700307E0F /* Theatre.h */,
				93892AA41ACDDA8700307E0F /* Theatre.m */,
				93D307471ACC908A007F186F /* Movie.h */,
				93D307481ACC908A007F186F /* Movie.m */,
				93892A911ACCC66000307E0F /* MovieCollectionViewCell.h */,
				93892A921ACCC66000307E0F /* MovieCollectionViewCell.m */,
				93D3072B1ACC8F45007F186F /* Main.storyboard */,
				93D3072E1ACC8F45007F186F /* Images.xcassets */,
				93D307301ACC8F45007F186F /* LaunchScreen.xib */,
				93D307211ACC8F45007F186F /* Supporting Files */,
			);
			path = RottenMangoes;
			sourceTree = "<group>";
		};
		93D307211ACC8F45007F186F /* Supporting Files */ = {
			isa = PBXGroup;
			children = (
				93892AA11ACDDA0900307E0F /* default.gpx */,
				93D307221ACC8F45007F186F /* Info.plist */,
				93D307231ACC8F45007F186F /* main.m */,
			);
			name = "Supporting Files";
			sourceTree = "<group>";
		};
		93D3073A1ACC8F45007F186F /* RottenMangoesTests */ = {
			isa = PBXGroup;
			children = (
				93D3073D1ACC8F45007F186F /* RottenMangoesTests.m */,
				93D3073B1ACC8F45007F186F /* Supporting Files */,
			);
			path = RottenMangoesTests;
			sourceTree = "<group>";
		};
		93D3073B1ACC8F45007F186F /* Supporting Files */ = {
			isa = PBXGroup;
			children = (
				93D3073C1ACC8F45007F186F /* Info.plist */,
			);
			name = "Supporting Files";
			sourceTree = "<group>";
		};
/* End PBXGroup section */

/* Begin PBXNativeTarget section */
		93D3071D1ACC8F45007F186F /* RottenMangoes */ = {
			isa = PBXNativeTarget;
			buildConfigurationList = 93D307411ACC8F45007F186F /* Build configuration list for PBXNativeTarget "RottenMangoes" */;
			buildPhases = (
				93D3071A1ACC8F45007F186F /* Sources */,
				93D3071B1ACC8F45007F186F /* Frameworks */,
				93D3071C1ACC8F45007F186F /* Resources */,
			);
			buildRules = (
			);
			dependencies = (
			);
			name = RottenMangoes;
			productName = RottenMangoes;
			productReference = 93D3071E1ACC8F45007F186F /* RottenMangoes.app */;
			productType = "com.apple.product-type.application";
		};
		93D307361ACC8F45007F186F /* RottenMangoesTests */ = {
			isa = PBXNativeTarget;
			buildConfigurationList = 93D307441ACC8F45007F186F /* Build configuration list for PBXNativeTarget "RottenMangoesTests" */;
			buildPhases = (
				93D307331ACC8F45007F186F /* Sources */,
				93D307341ACC8F45007F186F /* Frameworks */,
				93D307351ACC8F45007F186F /* Resources */,
			);
			buildRules = (
			);
			dependencies = (
				93D307391ACC8F45007F186F /* PBXTargetDependency */,
			);
			name = RottenMangoesTests;
			productName = RottenMangoesTests;
			productReference = 93D307371ACC8F45007F186F /* RottenMangoesTests.xctest */;
			productType = "com.apple.product-type.bundle.unit-test";
		};
/* End PBXNativeTarget section */

/* Begin PBXProject section */
		93D307161ACC8F45007F186F /* Project object */ = {
			isa = PBXProject;
			attributes = {
				LastUpgradeCheck = 0620;
				ORGANIZATIONNAME = "Samia Al Rahmani";
				TargetAttributes = {
					93D3071D1ACC8F45007F186F = {
						CreatedOnToolsVersion = 6.2;
					};
					93D307361ACC8F45007F186F = {
						CreatedOnToolsVersion = 6.2;
						TestTargetID = 93D3071D1ACC8F45007F186F;
					};
				};
			};
			buildConfigurationList = 93D307191ACC8F45007F186F /* Build configuration list for PBXProject "RottenMangoes" */;
			compatibilityVersion = "Xcode 3.2";
			developmentRegion = English;
			hasScannedForEncodings = 0;
			knownRegions = (
				en,
				Base,
			);
			mainGroup = 93D307151ACC8F45007F186F;
			productRefGroup = 93D3071F1ACC8F45007F186F /* Products */;
			projectDirPath = "";
			projectRoot = "";
			targets = (
				93D3071D1ACC8F45007F186F /* RottenMangoes */,
				93D307361ACC8F45007F186F /* RottenMangoesTests */,
			);
		};
/* End PBXProject section */

/* Begin PBXResourcesBuildPhase section */
		93D3071C1ACC8F45007F186F /* Resources */ = {
			isa = PBXResourcesBuildPhase;
			buildActionMask = 2147483647;
			files = (
				93D3072D1ACC8F45007F186F /* Main.storyboard in Resources */,
				93892AA21ACDDA0900307E0F /* default.gpx in Resources */,
				93D307321ACC8F45007F186F /* LaunchScreen.xib in Resources */,
				93D3072F1ACC8F45007F186F /* Images.xcassets in Resources */,
			);
			runOnlyForDeploymentPostprocessing = 0;
		};
		93D307351ACC8F45007F186F /* Resources */ = {
			isa = PBXResourcesBuildPhase;
			buildActionMask = 2147483647;
			files = (
			);
			runOnlyForDeploymentPostprocessing = 0;
		};
/* End PBXResourcesBuildPhase section */

/* Begin PBXSourcesBuildPhase section */
		93D3071A1ACC8F45007F186F /* Sources */ = {
			isa = PBXSourcesBuildPhase;
			buildActionMask = 2147483647;
			files = (
				93D3072A1ACC8F45007F186F /* ViewController.m in Sources */,
				93892A961ACCE34C00307E0F /* FlowLayout.m in Sources */,
				93892A991ACCF2EF00307E0F /* SynopsisViewController.m in Sources */,
				93892AA01ACDD4A600307E0F /* MapViewController.m in Sources */,
				93892A931ACCC66000307E0F /* MovieCollectionViewCell.m in Sources */,
				93892AA81ACDF3B000307E0F /* Geocoder.m in Sources */,
				93D307271ACC8F45007F186F /* AppDelegate.m in Sources */,
				93892AA51ACDDA8700307E0F /* Theatre.m in Sources */,
				93D307491ACC908A007F186F /* Movie.m in Sources */,
				93D307241ACC8F45007F186F /* main.m in Sources */,
			);
			runOnlyForDeploymentPostprocessing = 0;
		};
		93D307331ACC8F45007F186F /* Sources */ = {
			isa = PBXSourcesBuildPhase;
			buildActionMask = 2147483647;
			files = (
				93D3073E1ACC8F45007F186F /* RottenMangoesTests.m in Sources */,
			);
			runOnlyForDeploymentPostprocessing = 0;
		};
/* End PBXSourcesBuildPhase section */

/* Begin PBXTargetDependency section */
		93D307391ACC8F45007F186F /* PBXTargetDependency */ = {
			isa = PBXTargetDependency;
			target = 93D3071D1ACC8F45007F186F /* RottenMangoes */;
			targetProxy = 93D307381ACC8F45007F186F /* PBXContainerItemProxy */;
		};
/* End PBXTargetDependency section */

/* Begin PBXVariantGroup section */
		93D3072B1ACC8F45007F186F /* Main.storyboard */ = {
			isa = PBXVariantGroup;
			children = (
				93D3072C1ACC8F45007F186F /* Base */,
			);
			name = Main.storyboard;
			sourceTree = "<group>";
		};
		93D307301ACC8F45007F186F /* LaunchScreen.xib */ = {
			isa = PBXVariantGroup;
			children = (
				93D307311ACC8F45007F186F /* Base */,
			);
			name = LaunchScreen.xib;
			sourceTree = "<group>";
		};
/* End PBXVariantGroup section */

/* Begin XCBuildConfiguration section */
		93D3073F1ACC8F45007F186F /* Debug */ = {
			isa = XCBuildConfiguration;
			buildSettings = {
				ALWAYS_SEARCH_USER_PATHS = NO;
				CLANG_CXX_LANGUAGE_STANDARD = "gnu++0x";
				CLANG_CXX_LIBRARY = "libc++";
				CLANG_ENABLE_MODULES = YES;
				CLANG_ENABLE_OBJC_ARC = YES;
				CLANG_WARN_BOOL_CONVERSION = YES;
				CLANG_WARN_CONSTANT_CONVERSION = YES;
				CLANG_WARN_DIRECT_OBJC_ISA_USAGE = YES_ERROR;
				CLANG_WARN_EMPTY_BODY = YES;
				CLANG_WARN_ENUM_CONVERSION = YES;
				CLANG_WARN_INT_CONVERSION = YES;
				CLANG_WARN_OBJC_ROOT_CLASS = YES_ERROR;
				CLANG_WARN_UNREACHABLE_CODE = YES;
				CLANG_WARN__DUPLICATE_METHOD_MATCH = YES;
				"CODE_SIGN_IDENTITY[sdk=iphoneos*]" = "iPhone Developer";
				COPY_PHASE_STRIP = NO;
				ENABLE_STRICT_OBJC_MSGSEND = YES;
				GCC_C_LANGUAGE_STANDARD = gnu99;
				GCC_DYNAMIC_NO_PIC = NO;
				GCC_OPTIMIZATION_LEVEL = 0;
				GCC_PREPROCESSOR_DEFINITIONS = (
					"DEBUG=1",
					"$(inherited)",
				);
				GCC_SYMBOLS_PRIVATE_EXTERN = NO;
				GCC_WARN_64_TO_32_BIT_CONVERSION = YES;
				GCC_WARN_ABOUT_RETURN_TYPE = YES_ERROR;
				GCC_WARN_UNDECLARED_SELECTOR = YES;
				GCC_WARN_UNINITIALIZED_AUTOS = YES_AGGRESSIVE;
				GCC_WARN_UNUSED_FUNCTION = YES;
				GCC_WARN_UNUSED_VARIABLE = YES;
				IPHONEOS_DEPLOYMENT_TARGET = 8.2;
				MTL_ENABLE_DEBUG_INFO = YES;
				ONLY_ACTIVE_ARCH = YES;
				SDKROOT = iphoneos;
			};
			name = Debug;
		};
		93D307401ACC8F45007F186F /* Release */ = {
			isa = XCBuildConfiguration;
			buildSettings = {
				ALWAYS_SEARCH_USER_PATHS = NO;
				CLANG_CXX_LANGUAGE_STANDARD = "gnu++0x";
				CLANG_CXX_LIBRARY = "libc++";
				CLANG_ENABLE_MODULES = YES;
				CLANG_ENABLE_OBJC_ARC = YES;
				CLANG_WARN_BOOL_CONVERSION = YES;
				CLANG_WARN_CONSTANT_CONVERSION = YES;
				CLANG_WARN_DIRECT_OBJC_ISA_USAGE = YES_ERROR;
				CLANG_WARN_EMPTY_BODY = YES;
				CLANG_WARN_ENUM_CONVERSION = YES;
				CLANG_WARN_INT_CONVERSION = YES;
				CLANG_WARN_OBJC_ROOT_CLASS = YES_ERROR;
				CLANG_WARN_UNREACHABLE_CODE = YES;
				CLANG_WARN__DUPLICATE_METHOD_MATCH = YES;
				"CODE_SIGN_IDENTITY[sdk=iphoneos*]" = "iPhone Developer";
				COPY_PHASE_STRIP = NO;
				ENABLE_NS_ASSERTIONS = NO;
				ENABLE_STRICT_OBJC_MSGSEND = YES;
				GCC_C_LANGUAGE_STANDARD = gnu99;
				GCC_WARN_64_TO_32_BIT_CONVERSION = YES;
				GCC_WARN_ABOUT_RETURN_TYPE = YES_ERROR;
				GCC_WARN_UNDECLARED_SELECTOR = YES;
				GCC_WARN_UNINITIALIZED_AUTOS = YES_AGGRESSIVE;
				GCC_WARN_UNUSED_FUNCTION = YES;
				GCC_WARN_UNUSED_VARIABLE = YES;
				IPHONEOS_DEPLOYMENT_TARGET = 8.2;
				MTL_ENABLE_DEBUG_INFO = NO;
				SDKROOT = iphoneos;
				VALIDATE_PRODUCT = YES;
			};
			name = Release;
		};
		93D307421ACC8F45007F186F /* Debug */ = {
			isa = XCBuildConfiguration;
			buildSettings = {
				ASSETCATALOG_COMPILER_APPICON_NAME = AppIcon;
				INFOPLIST_FILE = RottenMangoes/Info.plist;
				IPHONEOS_DEPLOYMENT_TARGET = 7.1;
				LD_RUNPATH_SEARCH_PATHS = "$(inherited) @executable_path/Frameworks";
				PRODUCT_NAME = "$(TARGET_NAME)";
			};
			name = Debug;
		};
		93D307431ACC8F45007F186F /* Release */ = {
			isa = XCBuildConfiguration;
			buildSettings = {
				ASSETCATALOG_COMPILER_APPICON_NAME = AppIcon;
				INFOPLIST_FILE = RottenMangoes/Info.plist;
				IPHONEOS_DEPLOYMENT_TARGET = 7.1;
				LD_RUNPATH_SEARCH_PATHS = "$(inherited) @executable_path/Frameworks";
				PRODUCT_NAME = "$(TARGET_NAME)";
			};
			name = Release;
		};
		93D307451ACC8F45007F186F /* Debug */ = {
			isa = XCBuildConfiguration;
			buildSettings = {
				BUNDLE_LOADER = "$(TEST_HOST)";
				FRAMEWORK_SEARCH_PATHS = (
					"$(SDKROOT)/Developer/Library/Frameworks",
					"$(inherited)",
				);
				GCC_PREPROCESSOR_DEFINITIONS = (
					"DEBUG=1",
					"$(inherited)",
				);
				INFOPLIST_FILE = RottenMangoesTests/Info.plist;
				LD_RUNPATH_SEARCH_PATHS = "$(inherited) @executable_path/Frameworks @loader_path/Frameworks";
				PRODUCT_NAME = "$(TARGET_NAME)";
				TEST_HOST = "$(BUILT_PRODUCTS_DIR)/RottenMangoes.app/RottenMangoes";
			};
			name = Debug;
		};
		93D307461ACC8F45007F186F /* Release */ = {
			isa = XCBuildConfiguration;
			buildSettings = {
				BUNDLE_LOADER = "$(TEST_HOST)";
				FRAMEWORK_SEARCH_PATHS = (
					"$(SDKROOT)/Developer/Library/Frameworks",
					"$(inherited)",
				);
				INFOPLIST_FILE = RottenMangoesTests/Info.plist;
				LD_RUNPATH_SEARCH_PATHS = "$(inherited) @executable_path/Frameworks @loader_path/Frameworks";
				PRODUCT_NAME = "$(TARGET_NAME)";
				TEST_HOST = "$(BUILT_PRODUCTS_DIR)/RottenMangoes.app/RottenMangoes";
			};
			name = Release;
		};
/* End XCBuildConfiguration section */

/* Begin XCConfigurationList section */
		93D307191ACC8F45007F186F /* Build configuration list for PBXProject "RottenMangoes" */ = {
			isa = XCConfigurationList;
			buildConfigurations = (
				93D3073F1ACC8F45007F186F /* Debug */,
				93D307401ACC8F45007F186F /* Release */,
			);
			defaultConfigurationIsVisible = 0;
			defaultConfigurationName = Release;
		};
		93D307411ACC8F45007F186F /* Build configuration list for PBXNativeTarget "RottenMangoes" */ = {
			isa = XCConfigurationList;
			buildConfigurations = (
				93D307421ACC8F45007F186F /* Debug */,
				93D307431ACC8F45007F186F /* Release */,
			);
			defaultConfigurationIsVisible = 0;
			defaultConfigurationName = Release;
		};
		93D307441ACC8F45007F186F /* Build configuration list for PBXNativeTarget "RottenMangoesTests" */ = {
			isa = XCConfigurationList;
			buildConfigurations = (
				93D307451ACC8F45007F186F /* Debug */,
				93D307461ACC8F45007F186F /* Release */,
			);
			defaultConfigurationIsVisible = 0;
			defaultConfigurationName = Release;
		};
/* End XCConfigurationList section */
	};
	rootObject = 93D307161ACC8F45007F186F /* Project object */;
}
